
Microsoft Visual Studio Solution File, Format Version 12.00
# Visual Studio Version 16
VisualStudioVersion = 16.0.31911.196
MinimumVisualStudioVersion = 10.0.40219.1
Project("{FAE04EC0-301F-11D3-BF4B-00C04F79EFBC}") = "03-DAL", "03-DAL\03-DAL.csproj", "{6B2A241D-EAD4-4FC9-9D76-9E99FD9C10DC}"
EndProject
Project("{FAE04EC0-301F-11D3-BF4B-00C04F79EFBC}") = "02-BLI", "02-BLI\02-BLI.csproj", "{A44BEF2D-3968-4691-B194-6263B6C7B32B}"
EndProject
Global
	GlobalSection(SolutionConfigurationPlatforms) = preSolution
		Debug|Any CPU = Debug|Any CPU
		Release|Any CPU = Release|Any CPU
	EndGlobalSection
	GlobalSection(ProjectConfigurationPlatforms) = postSolution
		{6B2A241D-EAD4-4FC9-9D76-9E99FD9C10DC}.Debug|Any CPU.ActiveCfg = Debug|Any CPU
		{6B2A241D-EAD4-4FC9-9D76-9E99FD9C10DC}.Debug|Any CPU.Build.0 = Debug|Any CPU
		{6B2A241D-EAD4-4FC9-9D76-9E99FD9C10DC}.Release|Any CPU.ActiveCfg = Release|Any CPU
		{6B2A241D-EAD4-4FC9-9D76-9E99FD9C10DC}.Release|Any CPU.Build.0 = Release|Any CPU
		{A44BEF2D-3968-4691-B194-6263B6C7B32B}.Debug|Any CPU.ActiveCfg = Debug|Any CPU
		{A44BEF2D-3968-4691-B194-6263B6C7B32B}.Debug|Any CPU.Build.0 = Debug|Any CPU
		{A44BEF2D-3968-4691-B194-6263B6C7B32B}.Release|Any CPU.ActiveCfg = Release|Any CPU
		{A44BEF2D-3968-4691-B194-6263B6C7B32B}.Release|Any CPU.Build.0 = Release|Any CPU
	EndGlobalSection
	GlobalSection(SolutionProperties) = preSolution
		HideSolutionNode = FALSE
	EndGlobalSection
	GlobalSection(ExtensibilityGlobals) = postSolution
		SolutionGuid = {4BB180C9-0928-4F7E-AB71-02DAFE8DE3DB}
	EndGlobalSection
EndGlobal
